// !$*UTF8*$!
{
	archiveVersion = 1;
	classes = {
	};
	objectVersion = 56;
	objects = {

/* Begin PBXBuildFile section */
		B90B89762C4895FD00855465 /* SetCKRecords.swift in Sources */ = {isa = PBXBuildFile; fileRef = B90B89752C4895FD00855465 /* SetCKRecords.swift */; };
		B91161842C47262D005731E0 /* MyPantryApp.swift in Sources */ = {isa = PBXBuildFile; fileRef = B91161832C47262D005731E0 /* MyPantryApp.swift */; };
		B91161882C47262E005731E0 /* Assets.xcassets in Resources */ = {isa = PBXBuildFile; fileRef = B91161872C47262E005731E0 /* Assets.xcassets */; };
		B911618B2C47262E005731E0 /* Preview Assets.xcassets in Resources */ = {isa = PBXBuildFile; fileRef = B911618A2C47262E005731E0 /* Preview Assets.xcassets */; };
		B91161922C472669005731E0 /* .gitignore in Resources */ = {isa = PBXBuildFile; fileRef = B91161912C472669005731E0 /* .gitignore */; };
		B91161962C472780005731E0 /* Models in Frameworks */ = {isa = PBXBuildFile; productRef = B91161952C472780005731E0 /* Models */; };
		B91161992C472903005731E0 /* AppView.swift in Sources */ = {isa = PBXBuildFile; fileRef = B91161982C472903005731E0 /* AppView.swift */; };
		B911619B2C473CAB005731E0 /* ItemListView.swift in Sources */ = {isa = PBXBuildFile; fileRef = B911619A2C473CAB005731E0 /* ItemListView.swift */; };
		B911619D2C473D6A005731E0 /* AddItemView.swift in Sources */ = {isa = PBXBuildFile; fileRef = B911619C2C473D6A005731E0 /* AddItemView.swift */; };
		B911619F2C473EDD005731E0 /* AddItemViewModel.swift in Sources */ = {isa = PBXBuildFile; fileRef = B911619E2C473EDD005731E0 /* AddItemViewModel.swift */; };
		B92D1DBF2C4BB85B0021C4D4 /* ListItemsView.swift in Sources */ = {isa = PBXBuildFile; fileRef = B92D1DBE2C4BB85B0021C4D4 /* ListItemsView.swift */; };
		B92D1DC12C4BB9930021C4D4 /* ListItemsViewModel.swift in Sources */ = {isa = PBXBuildFile; fileRef = B92D1DC02C4BB9930021C4D4 /* ListItemsViewModel.swift */; };
		B97D5DF82C4B8D3800E4C1F0 /* AddItemDetailView.swift in Sources */ = {isa = PBXBuildFile; fileRef = B97D5DF72C4B8D3800E4C1F0 /* AddItemDetailView.swift */; };
		B97D5DFB2C4BA89700E4C1F0 /* WelcomeView.swift in Sources */ = {isa = PBXBuildFile; fileRef = B97D5DFA2C4BA89700E4C1F0 /* WelcomeView.swift */; };
		B99DB73C2C4A121B0050E74B /* .swiftlint.yml in Resources */ = {isa = PBXBuildFile; fileRef = B99DB73B2C4A121B0050E74B /* .swiftlint.yml */; };
		B99DB73E2C4A12250050E74B /* .swiftformat in Resources */ = {isa = PBXBuildFile; fileRef = B99DB73D2C4A12240050E74B /* .swiftformat */; };
		B9CFB0B42C477E1800178D8A /* UserService.swift in Sources */ = {isa = PBXBuildFile; fileRef = B9CFB0B32C477E1800178D8A /* UserService.swift */; };
		B9CFB0B82C477E7300178D8A /* ItemManager.swift in Sources */ = {isa = PBXBuildFile; fileRef = B9CFB0B72C477E7300178D8A /* ItemManager.swift */; };
		B9CFB0BA2C477F6200178D8A /* PantryService.swift in Sources */ = {isa = PBXBuildFile; fileRef = B9CFB0B92C477F6200178D8A /* PantryService.swift */; };
		B9CFB0BC2C478E6200178D8A /* Config.swift in Sources */ = {isa = PBXBuildFile; fileRef = B9CFB0BB2C478E6200178D8A /* Config.swift */; };
		B9DD42F52C4C9DDE00900268 /* ItemRow.swift in Sources */ = {isa = PBXBuildFile; fileRef = B9DD42F42C4C9DDE00900268 /* ItemRow.swift */; };
		B9DD42F72C4CA40600900268 /* ItemDetailView.swift in Sources */ = {isa = PBXBuildFile; fileRef = B9DD42F62C4CA40600900268 /* ItemDetailView.swift */; };
/* End PBXBuildFile section */

/* Begin PBXFileReference section */
		B90B89752C4895FD00855465 /* SetCKRecords.swift */ = {isa = PBXFileReference; lastKnownFileType = sourcecode.swift; path = SetCKRecords.swift; sourceTree = "<group>"; };
		B91161802C47262D005731E0 /* MyPantry.app */ = {isa = PBXFileReference; explicitFileType = wrapper.application; includeInIndex = 0; path = MyPantry.app; sourceTree = BUILT_PRODUCTS_DIR; };
		B91161832C47262D005731E0 /* MyPantryApp.swift */ = {isa = PBXFileReference; lastKnownFileType = sourcecode.swift; path = MyPantryApp.swift; sourceTree = "<group>"; };
		B91161872C47262E005731E0 /* Assets.xcassets */ = {isa = PBXFileReference; lastKnownFileType = folder.assetcatalog; path = Assets.xcassets; sourceTree = "<group>"; };
		B911618A2C47262E005731E0 /* Preview Assets.xcassets */ = {isa = PBXFileReference; lastKnownFileType = folder.assetcatalog; path = "Preview Assets.xcassets"; sourceTree = "<group>"; };
		B91161912C472669005731E0 /* .gitignore */ = {isa = PBXFileReference; fileEncoding = 4; lastKnownFileType = text; path = .gitignore; sourceTree = "<group>"; };
		B91161932C4726C3005731E0 /* Models */ = {isa = PBXFileReference; lastKnownFileType = wrapper; path = Models; sourceTree = "<group>"; };
		B91161982C472903005731E0 /* AppView.swift */ = {isa = PBXFileReference; lastKnownFileType = sourcecode.swift; path = AppView.swift; sourceTree = "<group>"; };
		B911619A2C473CAB005731E0 /* ItemListView.swift */ = {isa = PBXFileReference; lastKnownFileType = sourcecode.swift; path = ItemListView.swift; sourceTree = "<group>"; };
		B911619C2C473D6A005731E0 /* AddItemView.swift */ = {isa = PBXFileReference; lastKnownFileType = sourcecode.swift; path = AddItemView.swift; sourceTree = "<group>"; };
		B911619E2C473EDD005731E0 /* AddItemViewModel.swift */ = {isa = PBXFileReference; lastKnownFileType = sourcecode.swift; path = AddItemViewModel.swift; sourceTree = "<group>"; };
		B91161A02C474482005731E0 /* MyPantry.entitlements */ = {isa = PBXFileReference; lastKnownFileType = text.plist.entitlements; path = MyPantry.entitlements; sourceTree = "<group>"; };
		B91161A12C475059005731E0 /* Info.plist */ = {isa = PBXFileReference; lastKnownFileType = text.plist; path = Info.plist; sourceTree = "<group>"; };
		B92D1DBE2C4BB85B0021C4D4 /* ListItemsView.swift */ = {isa = PBXFileReference; lastKnownFileType = sourcecode.swift; path = ListItemsView.swift; sourceTree = "<group>"; };
		B92D1DC02C4BB9930021C4D4 /* ListItemsViewModel.swift */ = {isa = PBXFileReference; lastKnownFileType = sourcecode.swift; path = ListItemsViewModel.swift; sourceTree = "<group>"; };
		B97D5DF72C4B8D3800E4C1F0 /* AddItemDetailView.swift */ = {isa = PBXFileReference; lastKnownFileType = sourcecode.swift; path = AddItemDetailView.swift; sourceTree = "<group>"; };
		B97D5DFA2C4BA89700E4C1F0 /* WelcomeView.swift */ = {isa = PBXFileReference; lastKnownFileType = sourcecode.swift; path = WelcomeView.swift; sourceTree = "<group>"; };
		B99DB73B2C4A121B0050E74B /* .swiftlint.yml */ = {isa = PBXFileReference; fileEncoding = 4; lastKnownFileType = text.yaml; path = .swiftlint.yml; sourceTree = "<group>"; };
		B99DB73D2C4A12240050E74B /* .swiftformat */ = {isa = PBXFileReference; fileEncoding = 4; lastKnownFileType = text; path = .swiftformat; sourceTree = "<group>"; };
		B9CFB0B32C477E1800178D8A /* UserService.swift */ = {isa = PBXFileReference; lastKnownFileType = sourcecode.swift; path = UserService.swift; sourceTree = "<group>"; };
		B9CFB0B72C477E7300178D8A /* ItemManager.swift */ = {isa = PBXFileReference; lastKnownFileType = sourcecode.swift; path = ItemManager.swift; sourceTree = "<group>"; };
		B9CFB0B92C477F6200178D8A /* PantryService.swift */ = {isa = PBXFileReference; lastKnownFileType = sourcecode.swift; path = PantryService.swift; sourceTree = "<group>"; };
		B9CFB0BB2C478E6200178D8A /* Config.swift */ = {isa = PBXFileReference; lastKnownFileType = sourcecode.swift; path = Config.swift; sourceTree = "<group>"; };
		B9DD42F42C4C9DDE00900268 /* ItemRow.swift */ = {isa = PBXFileReference; lastKnownFileType = sourcecode.swift; path = ItemRow.swift; sourceTree = "<group>"; };
		B9DD42F62C4CA40600900268 /* ItemDetailView.swift */ = {isa = PBXFileReference; lastKnownFileType = sourcecode.swift; path = ItemDetailView.swift; sourceTree = "<group>"; };
/* End PBXFileReference section */

/* Begin PBXFrameworksBuildPhase section */
		B911617D2C47262D005731E0 /* Frameworks */ = {
			isa = PBXFrameworksBuildPhase;
			buildActionMask = 2147483647;
			files = (
				B91161962C472780005731E0 /* Models in Frameworks */,
			);
			runOnlyForDeploymentPostprocessing = 0;
		};
/* End PBXFrameworksBuildPhase section */

/* Begin PBXGroup section */
		B90B89742C4895BA00855465 /* Helper */ = {
			isa = PBXGroup;
			children = (
				B90B89752C4895FD00855465 /* SetCKRecords.swift */,
			);
			path = Helper;
			sourceTree = "<group>";
		};
		B91161772C47262D005731E0 = {
			isa = PBXGroup;
			children = (
				B99DB73B2C4A121B0050E74B /* .swiftlint.yml */,
				B99DB73D2C4A12240050E74B /* .swiftformat */,
				B91161912C472669005731E0 /* .gitignore */,
				B91161822C47262D005731E0 /* MyPantry */,
				B91161932C4726C3005731E0 /* Models */,
				B91161812C47262D005731E0 /* Products */,
				B91161942C472780005731E0 /* Frameworks */,
			);
			sourceTree = "<group>";
		};
		B91161812C47262D005731E0 /* Products */ = {
			isa = PBXGroup;
			children = (
				B91161802C47262D005731E0 /* MyPantry.app */,
			);
			name = Products;
			sourceTree = "<group>";
		};
		B91161822C47262D005731E0 /* MyPantry */ = {
			isa = PBXGroup;
			children = (
				B91161A12C475059005731E0 /* Info.plist */,
				B91161A02C474482005731E0 /* MyPantry.entitlements */,
				B91161972C4728EF005731E0 /* Main */,
				B97D5DF92C4BA83900E4C1F0 /* Welcome */,
				B97D5DF52C4B8C9300E4C1F0 /* AddItem */,
				B92D1DBD2C4BB8080021C4D4 /* ListItems */,
				B911619A2C473CAB005731E0 /* ItemListView.swift */,
				B9CFB0BB2C478E6200178D8A /* Config.swift */,
				B90B89742C4895BA00855465 /* Helper */,
				B9CFB0BD2C47D55100178D8A /* Managers */,
				B91161892C47262E005731E0 /* Preview Content */,
				B91161872C47262E005731E0 /* Assets.xcassets */,
			);
			path = MyPantry;
			sourceTree = "<group>";
		};
		B91161892C47262E005731E0 /* Preview Content */ = {
			isa = PBXGroup;
			children = (
				B911618A2C47262E005731E0 /* Preview Assets.xcassets */,
			);
			path = "Preview Content";
			sourceTree = "<group>";
		};
		B91161942C472780005731E0 /* Frameworks */ = {
			isa = PBXGroup;
			children = (
			);
			name = Frameworks;
			sourceTree = "<group>";
		};
		B91161972C4728EF005731E0 /* Main */ = {
			isa = PBXGroup;
			children = (
				B91161832C47262D005731E0 /* MyPantryApp.swift */,
				B91161982C472903005731E0 /* AppView.swift */,
			);
			path = Main;
			sourceTree = "<group>";
		};
		B92D1DBD2C4BB8080021C4D4 /* ListItems */ = {
			isa = PBXGroup;
			children = (
				B9DD42F32C4C9DCE00900268 /* Views */,
				B92D1DBE2C4BB85B0021C4D4 /* ListItemsView.swift */,
				B92D1DC02C4BB9930021C4D4 /* ListItemsViewModel.swift */,
			);
			path = ListItems;
			sourceTree = "<group>";
		};
		B97D5DF52C4B8C9300E4C1F0 /* AddItem */ = {
			isa = PBXGroup;
			children = (
				B97D5DF62C4B8CF600E4C1F0 /* Views */,
				B911619C2C473D6A005731E0 /* AddItemView.swift */,
				B911619E2C473EDD005731E0 /* AddItemViewModel.swift */,
			);
			path = AddItem;
			sourceTree = "<group>";
		};
		B97D5DF62C4B8CF600E4C1F0 /* Views */ = {
			isa = PBXGroup;
			children = (
				B97D5DF72C4B8D3800E4C1F0 /* AddItemDetailView.swift */,
			);
			path = Views;
			sourceTree = "<group>";
		};
		B97D5DF92C4BA83900E4C1F0 /* Welcome */ = {
			isa = PBXGroup;
			children = (
				B97D5DFA2C4BA89700E4C1F0 /* WelcomeView.swift */,
			);
			path = Welcome;
			sourceTree = "<group>";
		};
		B9CFB0BD2C47D55100178D8A /* Managers */ = {
			isa = PBXGroup;
			children = (
				B9CFB0B32C477E1800178D8A /* UserService.swift */,
				B9CFB0B92C477F6200178D8A /* PantryService.swift */,
				B9CFB0B72C477E7300178D8A /* ItemManager.swift */,
			);
			path = Managers;
			sourceTree = "<group>";
		};
		B9DD42F32C4C9DCE00900268 /* Views */ = {
			isa = PBXGroup;
			children = (
				B9DD42F42C4C9DDE00900268 /* ItemRow.swift */,
				B9DD42F62C4CA40600900268 /* ItemDetailView.swift */,
			);
			path = Views;
			sourceTree = "<group>";
		};
/* End PBXGroup section */

/* Begin PBXNativeTarget section */
		B911617F2C47262D005731E0 /* MyPantry */ = {
			isa = PBXNativeTarget;
			buildConfigurationList = B911618E2C47262E005731E0 /* Build configuration list for PBXNativeTarget "MyPantry" */;
			buildPhases = (
				B911617C2C47262D005731E0 /* Sources */,
				B911617D2C47262D005731E0 /* Frameworks */,
				B911617E2C47262D005731E0 /* Resources */,
				B99DB7382C4A0E5D0050E74B /* ShellScript */,
			);
			buildRules = (
			);
			dependencies = (
			);
			name = MyPantry;
			packageProductDependencies = (
				B91161952C472780005731E0 /* Models */,
			);
			productName = MyPantry;
			productReference = B91161802C47262D005731E0 /* MyPantry.app */;
			productType = "com.apple.product-type.application";
		};
/* End PBXNativeTarget section */

/* Begin PBXProject section */
		B91161782C47262D005731E0 /* Project object */ = {
			isa = PBXProject;
			attributes = {
				BuildIndependentTargetsInParallel = 1;
				LastSwiftUpdateCheck = 1540;
				LastUpgradeCheck = 1540;
				TargetAttributes = {
					B911617F2C47262D005731E0 = {
						CreatedOnToolsVersion = 15.4;
					};
				};
			};
			buildConfigurationList = B911617B2C47262D005731E0 /* Build configuration list for PBXProject "MyPantry" */;
			compatibilityVersion = "Xcode 14.0";
			developmentRegion = en;
			hasScannedForEncodings = 0;
			knownRegions = (
				en,
				Base,
			);
			mainGroup = B91161772C47262D005731E0;
			productRefGroup = B91161812C47262D005731E0 /* Products */;
			projectDirPath = "";
			projectRoot = "";
			targets = (
				B911617F2C47262D005731E0 /* MyPantry */,
			);
		};
/* End PBXProject section */

/* Begin PBXResourcesBuildPhase section */
		B911617E2C47262D005731E0 /* Resources */ = {
			isa = PBXResourcesBuildPhase;
			buildActionMask = 2147483647;
			files = (
				B99DB73C2C4A121B0050E74B /* .swiftlint.yml in Resources */,
				B911618B2C47262E005731E0 /* Preview Assets.xcassets in Resources */,
				B99DB73E2C4A12250050E74B /* .swiftformat in Resources */,
				B91161922C472669005731E0 /* .gitignore in Resources */,
				B91161882C47262E005731E0 /* Assets.xcassets in Resources */,
			);
			runOnlyForDeploymentPostprocessing = 0;
		};
/* End PBXResourcesBuildPhase section */

/* Begin PBXShellScriptBuildPhase section */
		B99DB7382C4A0E5D0050E74B /* ShellScript */ = {
			isa = PBXShellScriptBuildPhase;
			alwaysOutOfDate = 1;
			buildActionMask = 2147483647;
			files = (
			);
			inputFileListPaths = (
			);
			inputPaths = (
			);
			outputFileListPaths = (
			);
			outputPaths = (
				"$(DERIVED_FILE_DIR)/swiftlint_output",
			);
			runOnlyForDeploymentPostprocessing = 0;
			shellPath = /bin/sh;
			shellScript = "if [[ \"$(uname -m)\" == arm64 ]]; then\n  export PATH=\"/opt/homebrew/bin:$PATH\"\nfi\n\nif which swiftlint > /dev/null; then\n  swiftlint\nelse\n  echo \"warning: SwiftLint not installed, download from https://github.com/realm/SwiftLint\"\nfi\n\n";
		};
/* End PBXShellScriptBuildPhase section */

/* Begin PBXSourcesBuildPhase section */
		B911617C2C47262D005731E0 /* Sources */ = {
			isa = PBXSourcesBuildPhase;
			buildActionMask = 2147483647;
			files = (
				B97D5DF82C4B8D3800E4C1F0 /* AddItemDetailView.swift in Sources */,
				B911619F2C473EDD005731E0 /* AddItemViewModel.swift in Sources */,
				B91161842C47262D005731E0 /* MyPantryApp.swift in Sources */,
				B92D1DC12C4BB9930021C4D4 /* ListItemsViewModel.swift in Sources */,
				B9CFB0BC2C478E6200178D8A /* Config.swift in Sources */,
				B92D1DBF2C4BB85B0021C4D4 /* ListItemsView.swift in Sources */,
				B9CFB0B82C477E7300178D8A /* ItemManager.swift in Sources */,
				B9CFB0B42C477E1800178D8A /* UserService.swift in Sources */,
				B911619B2C473CAB005731E0 /* ItemListView.swift in Sources */,
				B97D5DFB2C4BA89700E4C1F0 /* WelcomeView.swift in Sources */,
				B9CFB0BA2C477F6200178D8A /* PantryService.swift in Sources */,
				B90B89762C4895FD00855465 /* SetCKRecords.swift in Sources */,
				B9DD42F72C4CA40600900268 /* ItemDetailView.swift in Sources */,
				B9DD42F52C4C9DDE00900268 /* ItemRow.swift in Sources */,
				B91161992C472903005731E0 /* AppView.swift in Sources */,
				B911619D2C473D6A005731E0 /* AddItemView.swift in Sources */,
			);
			runOnlyForDeploymentPostprocessing = 0;
		};
/* End PBXSourcesBuildPhase section */

/* Begin XCBuildConfiguration section */
		B911618C2C47262E005731E0 /* Debug */ = {
			isa = XCBuildConfiguration;
			buildSettings = {
				ALWAYS_SEARCH_USER_PATHS = NO;
				ASSETCATALOG_COMPILER_GENERATE_SWIFT_ASSET_SYMBOL_EXTENSIONS = YES;
				CLANG_ANALYZER_NONNULL = YES;
				CLANG_ANALYZER_NUMBER_OBJECT_CONVERSION = YES_AGGRESSIVE;
				CLANG_CXX_LANGUAGE_STANDARD = "gnu++20";
				CLANG_ENABLE_MODULES = YES;
				CLANG_ENABLE_OBJC_ARC = YES;
				CLANG_ENABLE_OBJC_WEAK = YES;
				CLANG_WARN_BLOCK_CAPTURE_AUTORELEASING = YES;
				CLANG_WARN_BOOL_CONVERSION = YES;
				CLANG_WARN_COMMA = YES;
				CLANG_WARN_CONSTANT_CONVERSION = YES;
				CLANG_WARN_DEPRECATED_OBJC_IMPLEMENTATIONS = YES;
				CLANG_WARN_DIRECT_OBJC_ISA_USAGE = YES_ERROR;
				CLANG_WARN_DOCUMENTATION_COMMENTS = YES;
				CLANG_WARN_EMPTY_BODY = YES;
				CLANG_WARN_ENUM_CONVERSION = YES;
				CLANG_WARN_INFINITE_RECURSION = YES;
				CLANG_WARN_INT_CONVERSION = YES;
				CLANG_WARN_NON_LITERAL_NULL_CONVERSION = YES;
				CLANG_WARN_OBJC_IMPLICIT_RETAIN_SELF = YES;
				CLANG_WARN_OBJC_LITERAL_CONVERSION = YES;
				CLANG_WARN_OBJC_ROOT_CLASS = YES_ERROR;
				CLANG_WARN_QUOTED_INCLUDE_IN_FRAMEWORK_HEADER = YES;
				CLANG_WARN_RANGE_LOOP_ANALYSIS = YES;
				CLANG_WARN_STRICT_PROTOTYPES = YES;
				CLANG_WARN_SUSPICIOUS_MOVE = YES;
				CLANG_WARN_UNGUARDED_AVAILABILITY = YES_AGGRESSIVE;
				CLANG_WARN_UNREACHABLE_CODE = YES;
				CLANG_WARN__DUPLICATE_METHOD_MATCH = YES;
				COPY_PHASE_STRIP = NO;
				DEBUG_INFORMATION_FORMAT = dwarf;
				ENABLE_STRICT_OBJC_MSGSEND = YES;
				ENABLE_TESTABILITY = YES;
				ENABLE_USER_SCRIPT_SANDBOXING = YES;
				GCC_C_LANGUAGE_STANDARD = gnu17;
				GCC_DYNAMIC_NO_PIC = NO;
				GCC_NO_COMMON_BLOCKS = YES;
				GCC_OPTIMIZATION_LEVEL = 0;
				GCC_PREPROCESSOR_DEFINITIONS = (
					"DEBUG=1",
					"$(inherited)",
				);
				GCC_WARN_64_TO_32_BIT_CONVERSION = YES;
				GCC_WARN_ABOUT_RETURN_TYPE = YES_ERROR;
				GCC_WARN_UNDECLARED_SELECTOR = YES;
				GCC_WARN_UNINITIALIZED_AUTOS = YES_AGGRESSIVE;
				GCC_WARN_UNUSED_FUNCTION = YES;
				GCC_WARN_UNUSED_VARIABLE = YES;
				IPHONEOS_DEPLOYMENT_TARGET = 17.5;
				LOCALIZATION_PREFERS_STRING_CATALOGS = YES;
				MTL_ENABLE_DEBUG_INFO = INCLUDE_SOURCE;
				MTL_FAST_MATH = YES;
				ONLY_ACTIVE_ARCH = YES;
				SDKROOT = iphoneos;
				SWIFT_ACTIVE_COMPILATION_CONDITIONS = "DEBUG $(inherited)";
				SWIFT_OPTIMIZATION_LEVEL = "-Onone";
			};
			name = Debug;
		};
		B911618D2C47262E005731E0 /* Release */ = {
			isa = XCBuildConfiguration;
			buildSettings = {
				ALWAYS_SEARCH_USER_PATHS = NO;
				ASSETCATALOG_COMPILER_GENERATE_SWIFT_ASSET_SYMBOL_EXTENSIONS = YES;
				CLANG_ANALYZER_NONNULL = YES;
				CLANG_ANALYZER_NUMBER_OBJECT_CONVERSION = YES_AGGRESSIVE;
				CLANG_CXX_LANGUAGE_STANDARD = "gnu++20";
				CLANG_ENABLE_MODULES = YES;
				CLANG_ENABLE_OBJC_ARC = YES;
				CLANG_ENABLE_OBJC_WEAK = YES;
				CLANG_WARN_BLOCK_CAPTURE_AUTORELEASING = YES;
				CLANG_WARN_BOOL_CONVERSION = YES;
				CLANG_WARN_COMMA = YES;
				CLANG_WARN_CONSTANT_CONVERSION = YES;
				CLANG_WARN_DEPRECATED_OBJC_IMPLEMENTATIONS = YES;
				CLANG_WARN_DIRECT_OBJC_ISA_USAGE = YES_ERROR;
				CLANG_WARN_DOCUMENTATION_COMMENTS = YES;
				CLANG_WARN_EMPTY_BODY = YES;
				CLANG_WARN_ENUM_CONVERSION = YES;
				CLANG_WARN_INFINITE_RECURSION = YES;
				CLANG_WARN_INT_CONVERSION = YES;
				CLANG_WARN_NON_LITERAL_NULL_CONVERSION = YES;
				CLANG_WARN_OBJC_IMPLICIT_RETAIN_SELF = YES;
				CLANG_WARN_OBJC_LITERAL_CONVERSION = YES;
				CLANG_WARN_OBJC_ROOT_CLASS = YES_ERROR;
				CLANG_WARN_QUOTED_INCLUDE_IN_FRAMEWORK_HEADER = YES;
				CLANG_WARN_RANGE_LOOP_ANALYSIS = YES;
				CLANG_WARN_STRICT_PROTOTYPES = YES;
				CLANG_WARN_SUSPICIOUS_MOVE = YES;
				CLANG_WARN_UNGUARDED_AVAILABILITY = YES_AGGRESSIVE;
				CLANG_WARN_UNREACHABLE_CODE = YES;
				CLANG_WARN__DUPLICATE_METHOD_MATCH = YES;
				COPY_PHASE_STRIP = NO;
				DEBUG_INFORMATION_FORMAT = "dwarf-with-dsym";
				ENABLE_NS_ASSERTIONS = NO;
				ENABLE_STRICT_OBJC_MSGSEND = YES;
				ENABLE_USER_SCRIPT_SANDBOXING = YES;
				GCC_C_LANGUAGE_STANDARD = gnu17;
				GCC_NO_COMMON_BLOCKS = YES;
				GCC_WARN_64_TO_32_BIT_CONVERSION = YES;
				GCC_WARN_ABOUT_RETURN_TYPE = YES_ERROR;
				GCC_WARN_UNDECLARED_SELECTOR = YES;
				GCC_WARN_UNINITIALIZED_AUTOS = YES_AGGRESSIVE;
				GCC_WARN_UNUSED_FUNCTION = YES;
				GCC_WARN_UNUSED_VARIABLE = YES;
				IPHONEOS_DEPLOYMENT_TARGET = 17.5;
				LOCALIZATION_PREFERS_STRING_CATALOGS = YES;
				MTL_ENABLE_DEBUG_INFO = NO;
				MTL_FAST_MATH = YES;
				SDKROOT = iphoneos;
				SWIFT_COMPILATION_MODE = wholemodule;
				VALIDATE_PRODUCT = YES;
			};
			name = Release;
		};
		B911618F2C47262E005731E0 /* Debug */ = {
			isa = XCBuildConfiguration;
			buildSettings = {
				ASSETCATALOG_COMPILER_APPICON_NAME = AppIcon;
				ASSETCATALOG_COMPILER_GLOBAL_ACCENT_COLOR_NAME = AccentColor;
				CODE_SIGN_ENTITLEMENTS = MyPantry/MyPantry.entitlements;
				CODE_SIGN_STYLE = Automatic;
				CURRENT_PROJECT_VERSION = 1;
				DEVELOPMENT_ASSET_PATHS = "\"MyPantry/Preview Content\"";
				DEVELOPMENT_TEAM = XC6U84YX8S;
				ENABLE_PREVIEWS = YES;
				ENABLE_USER_SCRIPT_SANDBOXING = NO;
				GENERATE_INFOPLIST_FILE = YES;
				INFOPLIST_FILE = MyPantry/Info.plist;
				INFOPLIST_KEY_LSApplicationCategoryType = "public.app-category.productivity";
				INFOPLIST_KEY_UIApplicationSceneManifest_Generation = YES;
				INFOPLIST_KEY_UIApplicationSupportsIndirectInputEvents = YES;
				INFOPLIST_KEY_UILaunchScreen_Generation = YES;
				INFOPLIST_KEY_UISupportedInterfaceOrientations_iPad = "UIInterfaceOrientationPortrait UIInterfaceOrientationPortraitUpsideDown UIInterfaceOrientationLandscapeLeft UIInterfaceOrientationLandscapeRight";
				INFOPLIST_KEY_UISupportedInterfaceOrientations_iPhone = "UIInterfaceOrientationPortrait UIInterfaceOrientationLandscapeLeft UIInterfaceOrientationLandscapeRight";
				LD_RUNPATH_SEARCH_PATHS = (
					"$(inherited)",
					"@executable_path/Frameworks",
				);
				MARKETING_VERSION = 1.0;
				PRODUCT_BUNDLE_IDENTIFIER = com.swdcreativelabs.MyPantry;
				PRODUCT_NAME = "$(TARGET_NAME)";
				SWIFT_EMIT_LOC_STRINGS = YES;
				SWIFT_VERSION = 5.0;
				TARGETED_DEVICE_FAMILY = "1,2";
			};
			name = Debug;
		};
		B91161902C47262E005731E0 /* Release */ = {
			isa = XCBuildConfiguration;
			buildSettings = {
				ASSETCATALOG_COMPILER_APPICON_NAME = AppIcon;
				ASSETCATALOG_COMPILER_GLOBAL_ACCENT_COLOR_NAME = AccentColor;
				CODE_SIGN_ENTITLEMENTS = MyPantry/MyPantry.entitlements;
				CODE_SIGN_STYLE = Automatic;
				CURRENT_PROJECT_VERSION = 1;
				DEVELOPMENT_ASSET_PATHS = "\"MyPantry/Preview Content\"";
				DEVELOPMENT_TEAM = XC6U84YX8S;
				ENABLE_PREVIEWS = YES;
				ENABLE_USER_SCRIPT_SANDBOXING = NO;
				GENERATE_INFOPLIST_FILE = YES;
				INFOPLIST_FILE = MyPantry/Info.plist;
				INFOPLIST_KEY_LSApplicationCategoryType = "public.app-category.productivity";
				INFOPLIST_KEY_UIApplicationSceneManifest_Generation = YES;
				INFOPLIST_KEY_UIApplicationSupportsIndirectInputEvents = YES;
				INFOPLIST_KEY_UILaunchScreen_Generation = YES;
				INFOPLIST_KEY_UISupportedInterfaceOrientations_iPad = "UIInterfaceOrientationPortrait UIInterfaceOrientationPortraitUpsideDown UIInterfaceOrientationLandscapeLeft UIInterfaceOrientationLandscapeRight";
				INFOPLIST_KEY_UISupportedInterfaceOrientations_iPhone = "UIInterfaceOrientationPortrait UIInterfaceOrientationLandscapeLeft UIInterfaceOrientationLandscapeRight";
				LD_RUNPATH_SEARCH_PATHS = (
					"$(inherited)",
					"@executable_path/Frameworks",
				);
				MARKETING_VERSION = 1.0;
				PRODUCT_BUNDLE_IDENTIFIER = com.swdcreativelabs.MyPantry;
				PRODUCT_NAME = "$(TARGET_NAME)";
				SWIFT_EMIT_LOC_STRINGS = YES;
				SWIFT_VERSION = 5.0;
				TARGETED_DEVICE_FAMILY = "1,2";
			};
			name = Release;
		};
/* End XCBuildConfiguration section */

/* Begin XCConfigurationList section */
		B911617B2C47262D005731E0 /* Build configuration list for PBXProject "MyPantry" */ = {
			isa = XCConfigurationList;
			buildConfigurations = (
				B911618C2C47262E005731E0 /* Debug */,
				B911618D2C47262E005731E0 /* Release */,
			);
			defaultConfigurationIsVisible = 0;
			defaultConfigurationName = Release;
		};
		B911618E2C47262E005731E0 /* Build configuration list for PBXNativeTarget "MyPantry" */ = {
			isa = XCConfigurationList;
			buildConfigurations = (
				B911618F2C47262E005731E0 /* Debug */,
				B91161902C47262E005731E0 /* Release */,
			);
			defaultConfigurationIsVisible = 0;
			defaultConfigurationName = Release;
		};
/* End XCConfigurationList section */

/* Begin XCSwiftPackageProductDependency section */
		B91161952C472780005731E0 /* Models */ = {
			isa = XCSwiftPackageProductDependency;
			productName = Models;
		};
/* End XCSwiftPackageProductDependency section */
	};
	rootObject = B91161782C47262D005731E0 /* Project object */;
}
